
Microsoft Visual Studio Solution File, Format Version 12.00
# Visual Studio 14
VisualStudioVersion = 14.0.23107.0
MinimumVisualStudioVersion = 10.0.40219.1
Project("{FAE04EC0-301F-11D3-BF4B-00C04F79EFBC}") = "wordmap", "wordmap\wordmap.csproj", "{4F8A20B6-8615-4769-8B77-10D61961AC08}"
EndProject
Global
	GlobalSection(SolutionConfigurationPlatforms) = preSolution
		Debug|Any CPU = Debug|Any CPU
		Release|Any CPU = Release|Any CPU
	EndGlobalSection
	GlobalSection(ProjectConfigurationPlatforms) = postSolution
		{4F8A20B6-8615-4769-8B77-10D61961AC08}.Debug|Any CPU.ActiveCfg = Debug|Any CPU
		{4F8A20B6-8615-4769-8B77-10D61961AC08}.Debug|Any CPU.Build.0 = Debug|Any CPU
		{4F8A20B6-8615-4769-8B77-10D61961AC08}.Release|Any CPU.ActiveCfg = Release|Any CPU
		{4F8A20B6-8615-4769-8B77-10D61961AC08}.Release|Any CPU.Build.0 = Release|Any CPU
	EndGlobalSection
	GlobalSection(SolutionProperties) = preSolution
		HideSolutionNode = FALSE
	EndGlobalSection
EndGlobal
